
Microsoft Visual Studio Solution File, Format Version 12.00
# Visual Studio Version 17
VisualStudioVersion = 17.0.31903.59
MinimumVisualStudioVersion = 10.0.40219.1
Project("{9A19103F-16F7-4668-BE54-9A1E7A4F7556}") = "Server.API", "Server.API\Server.API.csproj", "{7AB8F780-02CD-4938-89FA-4375F1E5AB4F}"
EndProject
Project("{FAE04EC0-301F-11D3-BF4B-00C04F79EFBC}") = "Server.Application", "Server.Application\Server.Application.csproj", "{B1FF4BD7-663C-4833-8D9A-FD3CEB51E805}"
EndProject
Project("{FAE04EC0-301F-11D3-BF4B-00C04F79EFBC}") = "Server.Domain", "Server.Domain\Server.Domain.csproj", "{CDAA3D47-4029-4893-B21C-C3277847756B}"
EndProject
Project("{FAE04EC0-301F-11D3-BF4B-00C04F79EFBC}") = "Server.Infrastructure", "Server.Infrastructure\Server.Infrastructure.csproj", "{60F08A0E-1576-4411-9E96-57B83395B90A}"
EndProject
Global
	GlobalSection(SolutionConfigurationPlatforms) = preSolution
		Debug|Any CPU = Debug|Any CPU
		Release|Any CPU = Release|Any CPU
	EndGlobalSection
	GlobalSection(ProjectConfigurationPlatforms) = postSolution
		{7AB8F780-02CD-4938-89FA-4375F1E5AB4F}.Debug|Any CPU.ActiveCfg = Debug|Any CPU
		{7AB8F780-02CD-4938-89FA-4375F1E5AB4F}.Debug|Any CPU.Build.0 = Debug|Any CPU
		{7AB8F780-02CD-4938-89FA-4375F1E5AB4F}.Release|Any CPU.ActiveCfg = Release|Any CPU
		{7AB8F780-02CD-4938-89FA-4375F1E5AB4F}.Release|Any CPU.Build.0 = Release|Any CPU
		{B1FF4BD7-663C-4833-8D9A-FD3CEB51E805}.Debug|Any CPU.ActiveCfg = Debug|Any CPU
		{B1FF4BD7-663C-4833-8D9A-FD3CEB51E805}.Debug|Any CPU.Build.0 = Debug|Any CPU
		{B1FF4BD7-663C-4833-8D9A-FD3CEB51E805}.Release|Any CPU.ActiveCfg = Release|Any CPU
		{B1FF4BD7-663C-4833-8D9A-FD3CEB51E805}.Release|Any CPU.Build.0 = Release|Any CPU
		{CDAA3D47-4029-4893-B21C-C3277847756B}.Debug|Any CPU.ActiveCfg = Debug|Any CPU
		{CDAA3D47-4029-4893-B21C-C3277847756B}.Debug|Any CPU.Build.0 = Debug|Any CPU
		{CDAA3D47-4029-4893-B21C-C3277847756B}.Release|Any CPU.ActiveCfg = Release|Any CPU
		{CDAA3D47-4029-4893-B21C-C3277847756B}.Release|Any CPU.Build.0 = Release|Any CPU
		{60F08A0E-1576-4411-9E96-57B83395B90A}.Debug|Any CPU.ActiveCfg = Debug|Any CPU
		{60F08A0E-1576-4411-9E96-57B83395B90A}.Debug|Any CPU.Build.0 = Debug|Any CPU
		{60F08A0E-1576-4411-9E96-57B83395B90A}.Release|Any CPU.ActiveCfg = Release|Any CPU
		{60F08A0E-1576-4411-9E96-57B83395B90A}.Release|Any CPU.Build.0 = Release|Any CPU
	EndGlobalSection
	GlobalSection(SolutionProperties) = preSolution
		HideSolutionNode = FALSE
	EndGlobalSection
	GlobalSection(ExtensibilityGlobals) = postSolution
		SolutionGuid = {B6B0E836-9DBF-4220-9BDA-89CDA2BCF8E9}
	EndGlobalSection
EndGlobal
